// !$*UTF8*$!
{
	archiveVersion = 1;
	classes = {
	};
	objectVersion = 56;
	objects = {

/* Begin PBXBuildFile section */
		6EC914DD2C39C13A0088C61F /* SomeWhereApp.swift in Sources */ = {isa = PBXBuildFile; fileRef = 6EC914DC2C39C13A0088C61F /* SomeWhereApp.swift */; };
		6EC914E12C39C13B0088C61F /* Assets.xcassets in Resources */ = {isa = PBXBuildFile; fileRef = 6EC914E02C39C13B0088C61F /* Assets.xcassets */; };
		6EC914E42C39C13B0088C61F /* Preview Assets.xcassets in Resources */ = {isa = PBXBuildFile; fileRef = 6EC914E32C39C13B0088C61F /* Preview Assets.xcassets */; };
		6EC914EE2C39C13B0088C61F /* SomeWhereTests.swift in Sources */ = {isa = PBXBuildFile; fileRef = 6EC914ED2C39C13B0088C61F /* SomeWhereTests.swift */; };
		6EC914F82C39C13B0088C61F /* SomeWhereUITests.swift in Sources */ = {isa = PBXBuildFile; fileRef = 6EC914F72C39C13B0088C61F /* SomeWhereUITests.swift */; };
		6EC914FA2C39C13B0088C61F /* SomeWhereUITestsLaunchTests.swift in Sources */ = {isa = PBXBuildFile; fileRef = 6EC914F92C39C13B0088C61F /* SomeWhereUITestsLaunchTests.swift */; };
		6EC915082C39C1A20088C61F /* PlaceListView.swift in Sources */ = {isa = PBXBuildFile; fileRef = 6EC915072C39C1A20088C61F /* PlaceListView.swift */; };
		6EC9150A2C39C3380088C61F /* PlaceCardView.swift in Sources */ = {isa = PBXBuildFile; fileRef = 6EC915092C39C3380088C61F /* PlaceCardView.swift */; };
		6EC9150D2C39C7330088C61F /* AddPlaceFormView.swift in Sources */ = {isa = PBXBuildFile; fileRef = 6EC9150C2C39C7330088C61F /* AddPlaceFormView.swift */; };
		6EC915102C39CE490088C61F /* PlaceModel.swift in Sources */ = {isa = PBXBuildFile; fileRef = 6EC9150F2C39CE490088C61F /* PlaceModel.swift */; };
		6EC915132C39D40C0088C61F /* PlaceListViewModel.swift in Sources */ = {isa = PBXBuildFile; fileRef = 6EC915122C39D40C0088C61F /* PlaceListViewModel.swift */; };
/* End PBXBuildFile section */

/* Begin PBXContainerItemProxy section */
		6EC914EA2C39C13B0088C61F /* PBXContainerItemProxy */ = {
			isa = PBXContainerItemProxy;
			containerPortal = 6EC914D12C39C13A0088C61F /* Project object */;
			proxyType = 1;
			remoteGlobalIDString = 6EC914D82C39C13A0088C61F;
			remoteInfo = SomeWhere;
		};
		6EC914F42C39C13B0088C61F /* PBXContainerItemProxy */ = {
			isa = PBXContainerItemProxy;
			containerPortal = 6EC914D12C39C13A0088C61F /* Project object */;
			proxyType = 1;
			remoteGlobalIDString = 6EC914D82C39C13A0088C61F;
			remoteInfo = SomeWhere;
		};
/* End PBXContainerItemProxy section */

/* Begin PBXFileReference section */
		6EC914D92C39C13A0088C61F /* SomeWhere.app */ = {isa = PBXFileReference; explicitFileType = wrapper.application; includeInIndex = 0; path = SomeWhere.app; sourceTree = BUILT_PRODUCTS_DIR; };
		6EC914DC2C39C13A0088C61F /* SomeWhereApp.swift */ = {isa = PBXFileReference; lastKnownFileType = sourcecode.swift; path = SomeWhereApp.swift; sourceTree = "<group>"; };
		6EC914E02C39C13B0088C61F /* Assets.xcassets */ = {isa = PBXFileReference; lastKnownFileType = folder.assetcatalog; path = Assets.xcassets; sourceTree = "<group>"; };
		6EC914E32C39C13B0088C61F /* Preview Assets.xcassets */ = {isa = PBXFileReference; lastKnownFileType = folder.assetcatalog; path = "Preview Assets.xcassets"; sourceTree = "<group>"; };
		6EC914E92C39C13B0088C61F /* SomeWhereTests.xctest */ = {isa = PBXFileReference; explicitFileType = wrapper.cfbundle; includeInIndex = 0; path = SomeWhereTests.xctest; sourceTree = BUILT_PRODUCTS_DIR; };
		6EC914ED2C39C13B0088C61F /* SomeWhereTests.swift */ = {isa = PBXFileReference; lastKnownFileType = sourcecode.swift; path = SomeWhereTests.swift; sourceTree = "<group>"; };
		6EC914F32C39C13B0088C61F /* SomeWhereUITests.xctest */ = {isa = PBXFileReference; explicitFileType = wrapper.cfbundle; includeInIndex = 0; path = SomeWhereUITests.xctest; sourceTree = BUILT_PRODUCTS_DIR; };
		6EC914F72C39C13B0088C61F /* SomeWhereUITests.swift */ = {isa = PBXFileReference; lastKnownFileType = sourcecode.swift; path = SomeWhereUITests.swift; sourceTree = "<group>"; };
		6EC914F92C39C13B0088C61F /* SomeWhereUITestsLaunchTests.swift */ = {isa = PBXFileReference; lastKnownFileType = sourcecode.swift; path = SomeWhereUITestsLaunchTests.swift; sourceTree = "<group>"; };
		6EC915072C39C1A20088C61F /* PlaceListView.swift */ = {isa = PBXFileReference; lastKnownFileType = sourcecode.swift; path = PlaceListView.swift; sourceTree = "<group>"; };
		6EC915092C39C3380088C61F /* PlaceCardView.swift */ = {isa = PBXFileReference; lastKnownFileType = sourcecode.swift; path = PlaceCardView.swift; sourceTree = "<group>"; };
		6EC9150C2C39C7330088C61F /* AddPlaceFormView.swift */ = {isa = PBXFileReference; lastKnownFileType = sourcecode.swift; path = AddPlaceFormView.swift; sourceTree = "<group>"; };
		6EC9150F2C39CE490088C61F /* PlaceModel.swift */ = {isa = PBXFileReference; lastKnownFileType = sourcecode.swift; path = PlaceModel.swift; sourceTree = "<group>"; };
		6EC915122C39D40C0088C61F /* PlaceListViewModel.swift */ = {isa = PBXFileReference; lastKnownFileType = sourcecode.swift; path = PlaceListViewModel.swift; sourceTree = "<group>"; };
/* End PBXFileReference section */

/* Begin PBXFrameworksBuildPhase section */
		6EC914D62C39C13A0088C61F /* Frameworks */ = {
			isa = PBXFrameworksBuildPhase;
			buildActionMask = 2147483647;
			files = (
			);
			runOnlyForDeploymentPostprocessing = 0;
		};
		6EC914E62C39C13B0088C61F /* Frameworks */ = {
			isa = PBXFrameworksBuildPhase;
			buildActionMask = 2147483647;
			files = (
			);
			runOnlyForDeploymentPostprocessing = 0;
		};
		6EC914F02C39C13B0088C61F /* Frameworks */ = {
			isa = PBXFrameworksBuildPhase;
			buildActionMask = 2147483647;
			files = (
			);
			runOnlyForDeploymentPostprocessing = 0;
		};
/* End PBXFrameworksBuildPhase section */

/* Begin PBXGroup section */
		6EC914D02C39C13A0088C61F = {
			isa = PBXGroup;
			children = (
				6EC914DB2C39C13A0088C61F /* SomeWhere */,
				6EC914EC2C39C13B0088C61F /* SomeWhereTests */,
				6EC914F62C39C13B0088C61F /* SomeWhereUITests */,
				6EC914DA2C39C13A0088C61F /* Products */,
			);
			sourceTree = "<group>";
		};
		6EC914DA2C39C13A0088C61F /* Products */ = {
			isa = PBXGroup;
			children = (
				6EC914D92C39C13A0088C61F /* SomeWhere.app */,
				6EC914E92C39C13B0088C61F /* SomeWhereTests.xctest */,
				6EC914F32C39C13B0088C61F /* SomeWhereUITests.xctest */,
			);
			name = Products;
			sourceTree = "<group>";
		};
		6EC914DB2C39C13A0088C61F /* SomeWhere */ = {
			isa = PBXGroup;
			children = (
				6EC914DC2C39C13A0088C61F /* SomeWhereApp.swift */,
				6EC915112C39D3E60088C61F /* ViewModels */,
				6EC9150E2C39CE3C0088C61F /* Models */,
				6EC915062C39C18D0088C61F /* Views */,
				6EC914E02C39C13B0088C61F /* Assets.xcassets */,
				6EC914E22C39C13B0088C61F /* Preview Content */,
			);
			path = SomeWhere;
			sourceTree = "<group>";
		};
		6EC914E22C39C13B0088C61F /* Preview Content */ = {
			isa = PBXGroup;
			children = (
				6EC914E32C39C13B0088C61F /* Preview Assets.xcassets */,
			);
			path = "Preview Content";
			sourceTree = "<group>";
		};
		6EC914EC2C39C13B0088C61F /* SomeWhereTests */ = {
			isa = PBXGroup;
			children = (
				6EC914ED2C39C13B0088C61F /* SomeWhereTests.swift */,
			);
			path = SomeWhereTests;
			sourceTree = "<group>";
		};
		6EC914F62C39C13B0088C61F /* SomeWhereUITests */ = {
			isa = PBXGroup;
			children = (
				6EC914F72C39C13B0088C61F /* SomeWhereUITests.swift */,
				6EC914F92C39C13B0088C61F /* SomeWhereUITestsLaunchTests.swift */,
			);
			path = SomeWhereUITests;
			sourceTree = "<group>";
		};
		6EC915062C39C18D0088C61F /* Views */ = {
			isa = PBXGroup;
			children = (
				6EC915072C39C1A20088C61F /* PlaceListView.swift */,
				6EC915092C39C3380088C61F /* PlaceCardView.swift */,
				6EC9150C2C39C7330088C61F /* AddPlaceFormView.swift */,
			);
			path = Views;
			sourceTree = "<group>";
		};
		6EC9150E2C39CE3C0088C61F /* Models */ = {
			isa = PBXGroup;
			children = (
				6EC9150F2C39CE490088C61F /* PlaceModel.swift */,
			);
			path = Models;
			sourceTree = "<group>";
		};
		6EC915112C39D3E60088C61F /* ViewModels */ = {
			isa = PBXGroup;
			children = (
				6EC915122C39D40C0088C61F /* PlaceListViewModel.swift */,
			);
			path = ViewModels;
			sourceTree = "<group>";
		};
/* End PBXGroup section */

/* Begin PBXNativeTarget section */
		6EC914D82C39C13A0088C61F /* SomeWhere */ = {
			isa = PBXNativeTarget;
			buildConfigurationList = 6EC914FD2C39C13B0088C61F /* Build configuration list for PBXNativeTarget "SomeWhere" */;
			buildPhases = (
				6EC914D52C39C13A0088C61F /* Sources */,
				6EC914D62C39C13A0088C61F /* Frameworks */,
				6EC914D72C39C13A0088C61F /* Resources */,
			);
			buildRules = (
			);
			dependencies = (
			);
			name = SomeWhere;
			productName = SomeWhere;
			productReference = 6EC914D92C39C13A0088C61F /* SomeWhere.app */;
			productType = "com.apple.product-type.application";
		};
		6EC914E82C39C13B0088C61F /* SomeWhereTests */ = {
			isa = PBXNativeTarget;
			buildConfigurationList = 6EC915002C39C13B0088C61F /* Build configuration list for PBXNativeTarget "SomeWhereTests" */;
			buildPhases = (
				6EC914E52C39C13B0088C61F /* Sources */,
				6EC914E62C39C13B0088C61F /* Frameworks */,
				6EC914E72C39C13B0088C61F /* Resources */,
			);
			buildRules = (
			);
			dependencies = (
				6EC914EB2C39C13B0088C61F /* PBXTargetDependency */,
			);
			name = SomeWhereTests;
			productName = SomeWhereTests;
			productReference = 6EC914E92C39C13B0088C61F /* SomeWhereTests.xctest */;
			productType = "com.apple.product-type.bundle.unit-test";
		};
		6EC914F22C39C13B0088C61F /* SomeWhereUITests */ = {
			isa = PBXNativeTarget;
			buildConfigurationList = 6EC915032C39C13B0088C61F /* Build configuration list for PBXNativeTarget "SomeWhereUITests" */;
			buildPhases = (
				6EC914EF2C39C13B0088C61F /* Sources */,
				6EC914F02C39C13B0088C61F /* Frameworks */,
				6EC914F12C39C13B0088C61F /* Resources */,
			);
			buildRules = (
			);
			dependencies = (
				6EC914F52C39C13B0088C61F /* PBXTargetDependency */,
			);
			name = SomeWhereUITests;
			productName = SomeWhereUITests;
			productReference = 6EC914F32C39C13B0088C61F /* SomeWhereUITests.xctest */;
			productType = "com.apple.product-type.bundle.ui-testing";
		};
/* End PBXNativeTarget section */

/* Begin PBXProject section */
		6EC914D12C39C13A0088C61F /* Project object */ = {
			isa = PBXProject;
			attributes = {
				BuildIndependentTargetsInParallel = 1;
				LastSwiftUpdateCheck = 1540;
				LastUpgradeCheck = 1540;
				TargetAttributes = {
					6EC914D82C39C13A0088C61F = {
						CreatedOnToolsVersion = 15.4;
					};
					6EC914E82C39C13B0088C61F = {
						CreatedOnToolsVersion = 15.4;
						TestTargetID = 6EC914D82C39C13A0088C61F;
					};
					6EC914F22C39C13B0088C61F = {
						CreatedOnToolsVersion = 15.4;
						TestTargetID = 6EC914D82C39C13A0088C61F;
					};
				};
			};
			buildConfigurationList = 6EC914D42C39C13A0088C61F /* Build configuration list for PBXProject "SomeWhere" */;
			compatibilityVersion = "Xcode 14.0";
			developmentRegion = en;
			hasScannedForEncodings = 0;
			knownRegions = (
				en,
				Base,
			);
			mainGroup = 6EC914D02C39C13A0088C61F;
			productRefGroup = 6EC914DA2C39C13A0088C61F /* Products */;
			projectDirPath = "";
			projectRoot = "";
			targets = (
				6EC914D82C39C13A0088C61F /* SomeWhere */,
				6EC914E82C39C13B0088C61F /* SomeWhereTests */,
				6EC914F22C39C13B0088C61F /* SomeWhereUITests */,
			);
		};
/* End PBXProject section */

/* Begin PBXResourcesBuildPhase section */
		6EC914D72C39C13A0088C61F /* Resources */ = {
			isa = PBXResourcesBuildPhase;
			buildActionMask = 2147483647;
			files = (
				6EC914E42C39C13B0088C61F /* Preview Assets.xcassets in Resources */,
				6EC914E12C39C13B0088C61F /* Assets.xcassets in Resources */,
			);
			runOnlyForDeploymentPostprocessing = 0;
		};
		6EC914E72C39C13B0088C61F /* Resources */ = {
			isa = PBXResourcesBuildPhase;
			buildActionMask = 2147483647;
			files = (
			);
			runOnlyForDeploymentPostprocessing = 0;
		};
		6EC914F12C39C13B0088C61F /* Resources */ = {
			isa = PBXResourcesBuildPhase;
			buildActionMask = 2147483647;
			files = (
			);
			runOnlyForDeploymentPostprocessing = 0;
		};
/* End PBXResourcesBuildPhase section */

/* Begin PBXSourcesBuildPhase section */
		6EC914D52C39C13A0088C61F /* Sources */ = {
			isa = PBXSourcesBuildPhase;
			buildActionMask = 2147483647;
			files = (
				6EC915082C39C1A20088C61F /* PlaceListView.swift in Sources */,
				6EC9150A2C39C3380088C61F /* PlaceCardView.swift in Sources */,
				6EC915132C39D40C0088C61F /* PlaceListViewModel.swift in Sources */,
				6EC915102C39CE490088C61F /* PlaceModel.swift in Sources */,
				6EC9150D2C39C7330088C61F /* AddPlaceFormView.swift in Sources */,
				6EC914DD2C39C13A0088C61F /* SomeWhereApp.swift in Sources */,
			);
			runOnlyForDeploymentPostprocessing = 0;
		};
		6EC914E52C39C13B0088C61F /* Sources */ = {
			isa = PBXSourcesBuildPhase;
			buildActionMask = 2147483647;
			files = (
				6EC914EE2C39C13B0088C61F /* SomeWhereTests.swift in Sources */,
			);
			runOnlyForDeploymentPostprocessing = 0;
		};
		6EC914EF2C39C13B0088C61F /* Sources */ = {
			isa = PBXSourcesBuildPhase;
			buildActionMask = 2147483647;
			files = (
				6EC914FA2C39C13B0088C61F /* SomeWhereUITestsLaunchTests.swift in Sources */,
				6EC914F82C39C13B0088C61F /* SomeWhereUITests.swift in Sources */,
			);
			runOnlyForDeploymentPostprocessing = 0;
		};
/* End PBXSourcesBuildPhase section */

/* Begin PBXTargetDependency section */
		6EC914EB2C39C13B0088C61F /* PBXTargetDependency */ = {
			isa = PBXTargetDependency;
			target = 6EC914D82C39C13A0088C61F /* SomeWhere */;
			targetProxy = 6EC914EA2C39C13B0088C61F /* PBXContainerItemProxy */;
		};
		6EC914F52C39C13B0088C61F /* PBXTargetDependency */ = {
			isa = PBXTargetDependency;
			target = 6EC914D82C39C13A0088C61F /* SomeWhere */;
			targetProxy = 6EC914F42C39C13B0088C61F /* PBXContainerItemProxy */;
		};
/* End PBXTargetDependency section */

/* Begin XCBuildConfiguration section */
		6EC914FB2C39C13B0088C61F /* Debug */ = {
			isa = XCBuildConfiguration;
			buildSettings = {
				ALWAYS_SEARCH_USER_PATHS = NO;
				ASSETCATALOG_COMPILER_GENERATE_SWIFT_ASSET_SYMBOL_EXTENSIONS = YES;
				CLANG_ANALYZER_NONNULL = YES;
				CLANG_ANALYZER_NUMBER_OBJECT_CONVERSION = YES_AGGRESSIVE;
				CLANG_CXX_LANGUAGE_STANDARD = "gnu++20";
				CLANG_ENABLE_MODULES = YES;
				CLANG_ENABLE_OBJC_ARC = YES;
				CLANG_ENABLE_OBJC_WEAK = YES;
				CLANG_WARN_BLOCK_CAPTURE_AUTORELEASING = YES;
				CLANG_WARN_BOOL_CONVERSION = YES;
				CLANG_WARN_COMMA = YES;
				CLANG_WARN_CONSTANT_CONVERSION = YES;
				CLANG_WARN_DEPRECATED_OBJC_IMPLEMENTATIONS = YES;
				CLANG_WARN_DIRECT_OBJC_ISA_USAGE = YES_ERROR;
				CLANG_WARN_DOCUMENTATION_COMMENTS = YES;
				CLANG_WARN_EMPTY_BODY = YES;
				CLANG_WARN_ENUM_CONVERSION = YES;
				CLANG_WARN_INFINITE_RECURSION = YES;
				CLANG_WARN_INT_CONVERSION = YES;
				CLANG_WARN_NON_LITERAL_NULL_CONVERSION = YES;
				CLANG_WARN_OBJC_IMPLICIT_RETAIN_SELF = YES;
				CLANG_WARN_OBJC_LITERAL_CONVERSION = YES;
				CLANG_WARN_OBJC_ROOT_CLASS = YES_ERROR;
				CLANG_WARN_QUOTED_INCLUDE_IN_FRAMEWORK_HEADER = YES;
				CLANG_WARN_RANGE_LOOP_ANALYSIS = YES;
				CLANG_WARN_STRICT_PROTOTYPES = YES;
				CLANG_WARN_SUSPICIOUS_MOVE = YES;
				CLANG_WARN_UNGUARDED_AVAILABILITY = YES_AGGRESSIVE;
				CLANG_WARN_UNREACHABLE_CODE = YES;
				CLANG_WARN__DUPLICATE_METHOD_MATCH = YES;
				COPY_PHASE_STRIP = NO;
				DEBUG_INFORMATION_FORMAT = dwarf;
				ENABLE_STRICT_OBJC_MSGSEND = YES;
				ENABLE_TESTABILITY = YES;
				ENABLE_USER_SCRIPT_SANDBOXING = YES;
				GCC_C_LANGUAGE_STANDARD = gnu17;
				GCC_DYNAMIC_NO_PIC = NO;
				GCC_NO_COMMON_BLOCKS = YES;
				GCC_OPTIMIZATION_LEVEL = 0;
				GCC_PREPROCESSOR_DEFINITIONS = (
					"DEBUG=1",
					"$(inherited)",
				);
				GCC_WARN_64_TO_32_BIT_CONVERSION = YES;
				GCC_WARN_ABOUT_RETURN_TYPE = YES_ERROR;
				GCC_WARN_UNDECLARED_SELECTOR = YES;
				GCC_WARN_UNINITIALIZED_AUTOS = YES_AGGRESSIVE;
				GCC_WARN_UNUSED_FUNCTION = YES;
				GCC_WARN_UNUSED_VARIABLE = YES;
				IPHONEOS_DEPLOYMENT_TARGET = 17.5;
				LOCALIZATION_PREFERS_STRING_CATALOGS = YES;
				MTL_ENABLE_DEBUG_INFO = INCLUDE_SOURCE;
				MTL_FAST_MATH = YES;
				ONLY_ACTIVE_ARCH = YES;
				SDKROOT = iphoneos;
				SWIFT_ACTIVE_COMPILATION_CONDITIONS = "DEBUG $(inherited)";
				SWIFT_OPTIMIZATION_LEVEL = "-Onone";
			};
			name = Debug;
		};
		6EC914FC2C39C13B0088C61F /* Release */ = {
			isa = XCBuildConfiguration;
			buildSettings = {
				ALWAYS_SEARCH_USER_PATHS = NO;
				ASSETCATALOG_COMPILER_GENERATE_SWIFT_ASSET_SYMBOL_EXTENSIONS = YES;
				CLANG_ANALYZER_NONNULL = YES;
				CLANG_ANALYZER_NUMBER_OBJECT_CONVERSION = YES_AGGRESSIVE;
				CLANG_CXX_LANGUAGE_STANDARD = "gnu++20";
				CLANG_ENABLE_MODULES = YES;
				CLANG_ENABLE_OBJC_ARC = YES;
				CLANG_ENABLE_OBJC_WEAK = YES;
				CLANG_WARN_BLOCK_CAPTURE_AUTORELEASING = YES;
				CLANG_WARN_BOOL_CONVERSION = YES;
				CLANG_WARN_COMMA = YES;
				CLANG_WARN_CONSTANT_CONVERSION = YES;
				CLANG_WARN_DEPRECATED_OBJC_IMPLEMENTATIONS = YES;
				CLANG_WARN_DIRECT_OBJC_ISA_USAGE = YES_ERROR;
				CLANG_WARN_DOCUMENTATION_COMMENTS = YES;
				CLANG_WARN_EMPTY_BODY = YES;
				CLANG_WARN_ENUM_CONVERSION = YES;
				CLANG_WARN_INFINITE_RECURSION = YES;
				CLANG_WARN_INT_CONVERSION = YES;
				CLANG_WARN_NON_LITERAL_NULL_CONVERSION = YES;
				CLANG_WARN_OBJC_IMPLICIT_RETAIN_SELF = YES;
				CLANG_WARN_OBJC_LITERAL_CONVERSION = YES;
				CLANG_WARN_OBJC_ROOT_CLASS = YES_ERROR;
				CLANG_WARN_QUOTED_INCLUDE_IN_FRAMEWORK_HEADER = YES;
				CLANG_WARN_RANGE_LOOP_ANALYSIS = YES;
				CLANG_WARN_STRICT_PROTOTYPES = YES;
				CLANG_WARN_SUSPICIOUS_MOVE = YES;
				CLANG_WARN_UNGUARDED_AVAILABILITY = YES_AGGRESSIVE;
				CLANG_WARN_UNREACHABLE_CODE = YES;
				CLANG_WARN__DUPLICATE_METHOD_MATCH = YES;
				COPY_PHASE_STRIP = NO;
				DEBUG_INFORMATION_FORMAT = "dwarf-with-dsym";
				ENABLE_NS_ASSERTIONS = NO;
				ENABLE_STRICT_OBJC_MSGSEND = YES;
				ENABLE_USER_SCRIPT_SANDBOXING = YES;
				GCC_C_LANGUAGE_STANDARD = gnu17;
				GCC_NO_COMMON_BLOCKS = YES;
				GCC_WARN_64_TO_32_BIT_CONVERSION = YES;
				GCC_WARN_ABOUT_RETURN_TYPE = YES_ERROR;
				GCC_WARN_UNDECLARED_SELECTOR = YES;
				GCC_WARN_UNINITIALIZED_AUTOS = YES_AGGRESSIVE;
				GCC_WARN_UNUSED_FUNCTION = YES;
				GCC_WARN_UNUSED_VARIABLE = YES;
				IPHONEOS_DEPLOYMENT_TARGET = 17.5;
				LOCALIZATION_PREFERS_STRING_CATALOGS = YES;
				MTL_ENABLE_DEBUG_INFO = NO;
				MTL_FAST_MATH = YES;
				SDKROOT = iphoneos;
				SWIFT_COMPILATION_MODE = wholemodule;
				VALIDATE_PRODUCT = YES;
			};
			name = Release;
		};
		6EC914FE2C39C13B0088C61F /* Debug */ = {
			isa = XCBuildConfiguration;
			buildSettings = {
				ASSETCATALOG_COMPILER_APPICON_NAME = AppIcon;
				ASSETCATALOG_COMPILER_GLOBAL_ACCENT_COLOR_NAME = AccentColor;
				CODE_SIGN_STYLE = Automatic;
				CURRENT_PROJECT_VERSION = 1;
				DEVELOPMENT_ASSET_PATHS = "\"SomeWhere/Preview Content\"";
				ENABLE_PREVIEWS = YES;
				GENERATE_INFOPLIST_FILE = YES;
				INFOPLIST_KEY_UIApplicationSceneManifest_Generation = YES;
				INFOPLIST_KEY_UIApplicationSupportsIndirectInputEvents = YES;
				INFOPLIST_KEY_UILaunchScreen_Generation = YES;
				INFOPLIST_KEY_UISupportedInterfaceOrientations_iPad = "UIInterfaceOrientationPortrait UIInterfaceOrientationPortraitUpsideDown UIInterfaceOrientationLandscapeLeft UIInterfaceOrientationLandscapeRight";
				INFOPLIST_KEY_UISupportedInterfaceOrientations_iPhone = "UIInterfaceOrientationPortrait UIInterfaceOrientationLandscapeLeft UIInterfaceOrientationLandscapeRight";
				LD_RUNPATH_SEARCH_PATHS = (
					"$(inherited)",
					"@executable_path/Frameworks",
				);
				MARKETING_VERSION = 1.0;
				PRODUCT_BUNDLE_IDENTIFIER = gabriellopes.SomeWhere;
				PRODUCT_NAME = "$(TARGET_NAME)";
				SWIFT_EMIT_LOC_STRINGS = YES;
				SWIFT_VERSION = 5.0;
				TARGETED_DEVICE_FAMILY = "1,2";
			};
			name = Debug;
		};
		6EC914FF2C39C13B0088C61F /* Release */ = {
			isa = XCBuildConfiguration;
			buildSettings = {
				ASSETCATALOG_COMPILER_APPICON_NAME = AppIcon;
				ASSETCATALOG_COMPILER_GLOBAL_ACCENT_COLOR_NAME = AccentColor;
				CODE_SIGN_STYLE = Automatic;
				CURRENT_PROJECT_VERSION = 1;
				DEVELOPMENT_ASSET_PATHS = "\"SomeWhere/Preview Content\"";
				ENABLE_PREVIEWS = YES;
				GENERATE_INFOPLIST_FILE = YES;
				INFOPLIST_KEY_UIApplicationSceneManifest_Generation = YES;
				INFOPLIST_KEY_UIApplicationSupportsIndirectInputEvents = YES;
				INFOPLIST_KEY_UILaunchScreen_Generation = YES;
				INFOPLIST_KEY_UISupportedInterfaceOrientations_iPad = "UIInterfaceOrientationPortrait UIInterfaceOrientationPortraitUpsideDown UIInterfaceOrientationLandscapeLeft UIInterfaceOrientationLandscapeRight";
				INFOPLIST_KEY_UISupportedInterfaceOrientations_iPhone = "UIInterfaceOrientationPortrait UIInterfaceOrientationLandscapeLeft UIInterfaceOrientationLandscapeRight";
				LD_RUNPATH_SEARCH_PATHS = (
					"$(inherited)",
					"@executable_path/Frameworks",
				);
				MARKETING_VERSION = 1.0;
				PRODUCT_BUNDLE_IDENTIFIER = gabriellopes.SomeWhere;
				PRODUCT_NAME = "$(TARGET_NAME)";
				SWIFT_EMIT_LOC_STRINGS = YES;
				SWIFT_VERSION = 5.0;
				TARGETED_DEVICE_FAMILY = "1,2";
			};
			name = Release;
		};
		6EC915012C39C13B0088C61F /* Debug */ = {
			isa = XCBuildConfiguration;
			buildSettings = {
				ALWAYS_EMBED_SWIFT_STANDARD_LIBRARIES = YES;
				BUNDLE_LOADER = "$(TEST_HOST)";
				CODE_SIGN_STYLE = Automatic;
				CURRENT_PROJECT_VERSION = 1;
				GENERATE_INFOPLIST_FILE = YES;
				IPHONEOS_DEPLOYMENT_TARGET = 17.5;
				MARKETING_VERSION = 1.0;
				PRODUCT_BUNDLE_IDENTIFIER = gabriellopes.SomeWhereTests;
				PRODUCT_NAME = "$(TARGET_NAME)";
				SWIFT_EMIT_LOC_STRINGS = NO;
				SWIFT_VERSION = 5.0;
				TARGETED_DEVICE_FAMILY = "1,2";
				TEST_HOST = "$(BUILT_PRODUCTS_DIR)/SomeWhere.app/$(BUNDLE_EXECUTABLE_FOLDER_PATH)/SomeWhere";
			};
			name = Debug;
		};
		6EC915022C39C13B0088C61F /* Release */ = {
			isa = XCBuildConfiguration;
			buildSettings = {
				ALWAYS_EMBED_SWIFT_STANDARD_LIBRARIES = YES;
				BUNDLE_LOADER = "$(TEST_HOST)";
				CODE_SIGN_STYLE = Automatic;
				CURRENT_PROJECT_VERSION = 1;
				GENERATE_INFOPLIST_FILE = YES;
				IPHONEOS_DEPLOYMENT_TARGET = 17.5;
				MARKETING_VERSION = 1.0;
				PRODUCT_BUNDLE_IDENTIFIER = gabriellopes.SomeWhereTests;
				PRODUCT_NAME = "$(TARGET_NAME)";
				SWIFT_EMIT_LOC_STRINGS = NO;
				SWIFT_VERSION = 5.0;
				TARGETED_DEVICE_FAMILY = "1,2";
				TEST_HOST = "$(BUILT_PRODUCTS_DIR)/SomeWhere.app/$(BUNDLE_EXECUTABLE_FOLDER_PATH)/SomeWhere";
			};
			name = Release;
		};
		6EC915042C39C13B0088C61F /* Debug */ = {
			isa = XCBuildConfiguration;
			buildSettings = {
				ALWAYS_EMBED_SWIFT_STANDARD_LIBRARIES = YES;
				CODE_SIGN_STYLE = Automatic;
				CURRENT_PROJECT_VERSION = 1;
				GENERATE_INFOPLIST_FILE = YES;
				MARKETING_VERSION = 1.0;
				PRODUCT_BUNDLE_IDENTIFIER = gabriellopes.SomeWhereUITests;
				PRODUCT_NAME = "$(TARGET_NAME)";
				SWIFT_EMIT_LOC_STRINGS = NO;
				SWIFT_VERSION = 5.0;
				TARGETED_DEVICE_FAMILY = "1,2";
				TEST_TARGET_NAME = SomeWhere;
			};
			name = Debug;
		};
		6EC915052C39C13B0088C61F /* Release */ = {
			isa = XCBuildConfiguration;
			buildSettings = {
				ALWAYS_EMBED_SWIFT_STANDARD_LIBRARIES = YES;
				CODE_SIGN_STYLE = Automatic;
				CURRENT_PROJECT_VERSION = 1;
				GENERATE_INFOPLIST_FILE = YES;
				MARKETING_VERSION = 1.0;
				PRODUCT_BUNDLE_IDENTIFIER = gabriellopes.SomeWhereUITests;
				PRODUCT_NAME = "$(TARGET_NAME)";
				SWIFT_EMIT_LOC_STRINGS = NO;
				SWIFT_VERSION = 5.0;
				TARGETED_DEVICE_FAMILY = "1,2";
				TEST_TARGET_NAME = SomeWhere;
			};
			name = Release;
		};
/* End XCBuildConfiguration section */

/* Begin XCConfigurationList section */
		6EC914D42C39C13A0088C61F /* Build configuration list for PBXProject "SomeWhere" */ = {
			isa = XCConfigurationList;
			buildConfigurations = (
				6EC914FB2C39C13B0088C61F /* Debug */,
				6EC914FC2C39C13B0088C61F /* Release */,
			);
			defaultConfigurationIsVisible = 0;
			defaultConfigurationName = Release;
		};
		6EC914FD2C39C13B0088C61F /* Build configuration list for PBXNativeTarget "SomeWhere" */ = {
			isa = XCConfigurationList;
			buildConfigurations = (
				6EC914FE2C39C13B0088C61F /* Debug */,
				6EC914FF2C39C13B0088C61F /* Release */,
			);
			defaultConfigurationIsVisible = 0;
			defaultConfigurationName = Release;
		};
		6EC915002C39C13B0088C61F /* Build configuration list for PBXNativeTarget "SomeWhereTests" */ = {
			isa = XCConfigurationList;
			buildConfigurations = (
				6EC915012C39C13B0088C61F /* Debug */,
				6EC915022C39C13B0088C61F /* Release */,
			);
			defaultConfigurationIsVisible = 0;
			defaultConfigurationName = Release;
		};
		6EC915032C39C13B0088C61F /* Build configuration list for PBXNativeTarget "SomeWhereUITests" */ = {
			isa = XCConfigurationList;
			buildConfigurations = (
				6EC915042C39C13B0088C61F /* Debug */,
				6EC915052C39C13B0088C61F /* Release */,
			);
			defaultConfigurationIsVisible = 0;
			defaultConfigurationName = Release;
		};
/* End XCConfigurationList section */
	};
	rootObject = 6EC914D12C39C13A0088C61F /* Project object */;
}
